
Microsoft Visual Studio Solution File, Format Version 12.00
# Visual Studio 15
VisualStudioVersion = 15.0.26730.3
MinimumVisualStudioVersion = 10.0.40219.1
Project("{9A19103F-16F7-4668-BE54-9A1E7A4F7556}") = "MyCodeCamp", "MyCodeCamp\MyCodeCamp.csproj", "{C75CE0DE-6AB2-4EEC-9279-238FEB72685D}"
EndProject
Project("{9A19103F-16F7-4668-BE54-9A1E7A4F7556}") = "MyCodeCamp.Data", "MyCodeCamp\MyCodeCamp.Data\MyCodeCamp.Data.csproj", "{C1B76046-A444-40FC-8B4F-7E4BB9B000A8}"
EndProject
Global
	GlobalSection(SolutionConfigurationPlatforms) = preSolution
		Debug|Any CPU = Debug|Any CPU
		Release|Any CPU = Release|Any CPU
	EndGlobalSection
	GlobalSection(ProjectConfigurationPlatforms) = postSolution
		{C75CE0DE-6AB2-4EEC-9279-238FEB72685D}.Debug|Any CPU.ActiveCfg = Debug|Any CPU
		{C75CE0DE-6AB2-4EEC-9279-238FEB72685D}.Debug|Any CPU.Build.0 = Debug|Any CPU
		{C75CE0DE-6AB2-4EEC-9279-238FEB72685D}.Release|Any CPU.ActiveCfg = Release|Any CPU
		{C75CE0DE-6AB2-4EEC-9279-238FEB72685D}.Release|Any CPU.Build.0 = Release|Any CPU
		{C1B76046-A444-40FC-8B4F-7E4BB9B000A8}.Debug|Any CPU.ActiveCfg = Debug|Any CPU
		{C1B76046-A444-40FC-8B4F-7E4BB9B000A8}.Debug|Any CPU.Build.0 = Debug|Any CPU
		{C1B76046-A444-40FC-8B4F-7E4BB9B000A8}.Release|Any CPU.ActiveCfg = Release|Any CPU
		{C1B76046-A444-40FC-8B4F-7E4BB9B000A8}.Release|Any CPU.Build.0 = Release|Any CPU
	EndGlobalSection
	GlobalSection(SolutionProperties) = preSolution
		HideSolutionNode = FALSE
	EndGlobalSection
	GlobalSection(ExtensibilityGlobals) = postSolution
		SolutionGuid = {3FFDBA06-BB3E-4F2D-8350-AB74CDBA5FA0}
	EndGlobalSection
EndGlobal
