
Microsoft Visual Studio Solution File, Format Version 12.00
# Visual Studio 15
VisualStudioVersion = 15.0.26730.3
MinimumVisualStudioVersion = 10.0.40219.1
Project("{FAE04EC0-301F-11D3-BF4B-00C04F79EFBC}") = "DukeApp", "DukeApp\DukeApp.csproj", "{B067D1D1-7966-44FC-B2CD-FC50E2087829}"
EndProject
Global
	GlobalSection(SolutionConfigurationPlatforms) = preSolution
		Debug|Any CPU = Debug|Any CPU
		Release|Any CPU = Release|Any CPU
	EndGlobalSection
	GlobalSection(ProjectConfigurationPlatforms) = postSolution
		{B067D1D1-7966-44FC-B2CD-FC50E2087829}.Debug|Any CPU.ActiveCfg = Debug|Any CPU
		{B067D1D1-7966-44FC-B2CD-FC50E2087829}.Debug|Any CPU.Build.0 = Debug|Any CPU
		{B067D1D1-7966-44FC-B2CD-FC50E2087829}.Release|Any CPU.ActiveCfg = Release|Any CPU
		{B067D1D1-7966-44FC-B2CD-FC50E2087829}.Release|Any CPU.Build.0 = Release|Any CPU
	EndGlobalSection
	GlobalSection(SolutionProperties) = preSolution
		HideSolutionNode = FALSE
	EndGlobalSection
	GlobalSection(ExtensibilityGlobals) = postSolution
		SolutionGuid = {5B140C3D-74D6-473C-BC37-0DDD6FF3E49D}
	EndGlobalSection
EndGlobal
