
Microsoft Visual Studio Solution File, Format Version 12.00
# Visual Studio 15
VisualStudioVersion = 15.0.26730.12
MinimumVisualStudioVersion = 10.0.40219.1
Project("{FAE04EC0-301F-11D3-BF4B-00C04F79EFBC}") = "SalaryCalculatorTestProject", "SalaryCalculatorTestProject\SalaryCalculatorTestProject.csproj", "{B86A7208-FB25-47C1-8854-C3476B4B20A9}"
EndProject
Project("{FAE04EC0-301F-11D3-BF4B-00C04F79EFBC}") = "Calculator", "Calculator\Calculator.csproj", "{E4A094EE-F723-40D1-B413-B3A3D18C2DC1}"
EndProject
Global
	GlobalSection(SolutionConfigurationPlatforms) = preSolution
		Debug|Any CPU = Debug|Any CPU
		Release|Any CPU = Release|Any CPU
	EndGlobalSection
	GlobalSection(ProjectConfigurationPlatforms) = postSolution
		{B86A7208-FB25-47C1-8854-C3476B4B20A9}.Debug|Any CPU.ActiveCfg = Debug|Any CPU
		{B86A7208-FB25-47C1-8854-C3476B4B20A9}.Debug|Any CPU.Build.0 = Debug|Any CPU
		{B86A7208-FB25-47C1-8854-C3476B4B20A9}.Release|Any CPU.ActiveCfg = Release|Any CPU
		{B86A7208-FB25-47C1-8854-C3476B4B20A9}.Release|Any CPU.Build.0 = Release|Any CPU
		{E4A094EE-F723-40D1-B413-B3A3D18C2DC1}.Debug|Any CPU.ActiveCfg = Debug|Any CPU
		{E4A094EE-F723-40D1-B413-B3A3D18C2DC1}.Debug|Any CPU.Build.0 = Debug|Any CPU
		{E4A094EE-F723-40D1-B413-B3A3D18C2DC1}.Release|Any CPU.ActiveCfg = Release|Any CPU
		{E4A094EE-F723-40D1-B413-B3A3D18C2DC1}.Release|Any CPU.Build.0 = Release|Any CPU
	EndGlobalSection
	GlobalSection(SolutionProperties) = preSolution
		HideSolutionNode = FALSE
	EndGlobalSection
	GlobalSection(ExtensibilityGlobals) = postSolution
		SolutionGuid = {B6C10CF5-FB57-4053-A13B-FB7BA6305E0C}
	EndGlobalSection
EndGlobal
