
Microsoft Visual Studio Solution File, Format Version 12.00
# Visual Studio 2012
Project("{FAE04EC0-301F-11D3-BF4B-00C04F79EFBC}") = "OptionalParameters", "OptionalParameters\OptionalParameters.csproj", "{AE575725-AFC2-4F8E-B64A-292B7B67D3CC}"
EndProject
Project("{FAE04EC0-301F-11D3-BF4B-00C04F79EFBC}") = "OptionalParameters.iOS", "iOS\OptionalParameters.iOS.csproj", "{87FA71A7-E262-4AB9-8C3D-69B687E47DA2}"
EndProject
Project("{FAE04EC0-301F-11D3-BF4B-00C04F79EFBC}") = "OptionalParameters.Droid", "Droid\OptionalParameters.Droid.csproj", "{B1616AA1-E274-4C48-A1AB-DC55BECC3DE2}"
EndProject
Global
	GlobalSection(SolutionConfigurationPlatforms) = preSolution
		Debug|Any CPU = Debug|Any CPU
		Release|Any CPU = Release|Any CPU
		Debug|iPhoneSimulator = Debug|iPhoneSimulator
		Release|iPhoneSimulator = Release|iPhoneSimulator
		Debug|iPhone = Debug|iPhone
		Release|iPhone = Release|iPhone
		Ad-Hoc|iPhone = Ad-Hoc|iPhone
		AppStore|iPhone = AppStore|iPhone
	EndGlobalSection
	GlobalSection(ProjectConfigurationPlatforms) = postSolution
		{87FA71A7-E262-4AB9-8C3D-69B687E47DA2}.Ad-Hoc|iPhone.ActiveCfg = Ad-Hoc|iPhone
		{87FA71A7-E262-4AB9-8C3D-69B687E47DA2}.Ad-Hoc|iPhone.Build.0 = Ad-Hoc|iPhone
		{87FA71A7-E262-4AB9-8C3D-69B687E47DA2}.AppStore|iPhone.ActiveCfg = AppStore|iPhone
		{87FA71A7-E262-4AB9-8C3D-69B687E47DA2}.AppStore|iPhone.Build.0 = AppStore|iPhone
		{87FA71A7-E262-4AB9-8C3D-69B687E47DA2}.Debug|Any CPU.ActiveCfg = Debug|iPhoneSimulator
		{87FA71A7-E262-4AB9-8C3D-69B687E47DA2}.Debug|Any CPU.Build.0 = Debug|iPhoneSimulator
		{87FA71A7-E262-4AB9-8C3D-69B687E47DA2}.Debug|iPhone.ActiveCfg = Debug|iPhone
		{87FA71A7-E262-4AB9-8C3D-69B687E47DA2}.Debug|iPhone.Build.0 = Debug|iPhone
		{87FA71A7-E262-4AB9-8C3D-69B687E47DA2}.Debug|iPhoneSimulator.ActiveCfg = Debug|iPhoneSimulator
		{87FA71A7-E262-4AB9-8C3D-69B687E47DA2}.Debug|iPhoneSimulator.Build.0 = Debug|iPhoneSimulator
		{87FA71A7-E262-4AB9-8C3D-69B687E47DA2}.Release|Any CPU.ActiveCfg = Release|iPhoneSimulator
		{87FA71A7-E262-4AB9-8C3D-69B687E47DA2}.Release|Any CPU.Build.0 = Release|iPhoneSimulator
		{87FA71A7-E262-4AB9-8C3D-69B687E47DA2}.Release|iPhone.ActiveCfg = Release|iPhone
		{87FA71A7-E262-4AB9-8C3D-69B687E47DA2}.Release|iPhone.Build.0 = Release|iPhone
		{87FA71A7-E262-4AB9-8C3D-69B687E47DA2}.Release|iPhoneSimulator.ActiveCfg = Release|iPhoneSimulator
		{87FA71A7-E262-4AB9-8C3D-69B687E47DA2}.Release|iPhoneSimulator.Build.0 = Release|iPhoneSimulator
		{AE575725-AFC2-4F8E-B64A-292B7B67D3CC}.Ad-Hoc|iPhone.ActiveCfg = Debug|Any CPU
		{AE575725-AFC2-4F8E-B64A-292B7B67D3CC}.Ad-Hoc|iPhone.Build.0 = Debug|Any CPU
		{AE575725-AFC2-4F8E-B64A-292B7B67D3CC}.AppStore|iPhone.ActiveCfg = Debug|Any CPU
		{AE575725-AFC2-4F8E-B64A-292B7B67D3CC}.AppStore|iPhone.Build.0 = Debug|Any CPU
		{AE575725-AFC2-4F8E-B64A-292B7B67D3CC}.Debug|Any CPU.ActiveCfg = Debug|Any CPU
		{AE575725-AFC2-4F8E-B64A-292B7B67D3CC}.Debug|Any CPU.Build.0 = Debug|Any CPU
		{AE575725-AFC2-4F8E-B64A-292B7B67D3CC}.Debug|iPhone.ActiveCfg = Debug|Any CPU
		{AE575725-AFC2-4F8E-B64A-292B7B67D3CC}.Debug|iPhone.Build.0 = Debug|Any CPU
		{AE575725-AFC2-4F8E-B64A-292B7B67D3CC}.Debug|iPhoneSimulator.ActiveCfg = Debug|Any CPU
		{AE575725-AFC2-4F8E-B64A-292B7B67D3CC}.Debug|iPhoneSimulator.Build.0 = Debug|Any CPU
		{AE575725-AFC2-4F8E-B64A-292B7B67D3CC}.Release|Any CPU.ActiveCfg = Release|Any CPU
		{AE575725-AFC2-4F8E-B64A-292B7B67D3CC}.Release|Any CPU.Build.0 = Release|Any CPU
		{AE575725-AFC2-4F8E-B64A-292B7B67D3CC}.Release|iPhone.ActiveCfg = Release|Any CPU
		{AE575725-AFC2-4F8E-B64A-292B7B67D3CC}.Release|iPhone.Build.0 = Release|Any CPU
		{AE575725-AFC2-4F8E-B64A-292B7B67D3CC}.Release|iPhoneSimulator.ActiveCfg = Release|Any CPU
		{AE575725-AFC2-4F8E-B64A-292B7B67D3CC}.Release|iPhoneSimulator.Build.0 = Release|Any CPU
		{B1616AA1-E274-4C48-A1AB-DC55BECC3DE2}.Ad-Hoc|iPhone.ActiveCfg = Release|Any CPU
		{B1616AA1-E274-4C48-A1AB-DC55BECC3DE2}.Ad-Hoc|iPhone.Build.0 = Release|Any CPU
		{B1616AA1-E274-4C48-A1AB-DC55BECC3DE2}.AppStore|iPhone.ActiveCfg = Release|Any CPU
		{B1616AA1-E274-4C48-A1AB-DC55BECC3DE2}.AppStore|iPhone.Build.0 = Release|Any CPU
		{B1616AA1-E274-4C48-A1AB-DC55BECC3DE2}.Debug|Any CPU.ActiveCfg = Debug|Any CPU
		{B1616AA1-E274-4C48-A1AB-DC55BECC3DE2}.Debug|Any CPU.Build.0 = Debug|Any CPU
		{B1616AA1-E274-4C48-A1AB-DC55BECC3DE2}.Debug|iPhone.ActiveCfg = Debug|Any CPU
		{B1616AA1-E274-4C48-A1AB-DC55BECC3DE2}.Debug|iPhone.Build.0 = Debug|Any CPU
		{B1616AA1-E274-4C48-A1AB-DC55BECC3DE2}.Debug|iPhoneSimulator.ActiveCfg = Debug|Any CPU
		{B1616AA1-E274-4C48-A1AB-DC55BECC3DE2}.Debug|iPhoneSimulator.Build.0 = Debug|Any CPU
		{B1616AA1-E274-4C48-A1AB-DC55BECC3DE2}.Release|Any CPU.ActiveCfg = Release|Any CPU
		{B1616AA1-E274-4C48-A1AB-DC55BECC3DE2}.Release|Any CPU.Build.0 = Release|Any CPU
		{B1616AA1-E274-4C48-A1AB-DC55BECC3DE2}.Release|iPhone.ActiveCfg = Release|Any CPU
		{B1616AA1-E274-4C48-A1AB-DC55BECC3DE2}.Release|iPhone.Build.0 = Release|Any CPU
		{B1616AA1-E274-4C48-A1AB-DC55BECC3DE2}.Release|iPhoneSimulator.ActiveCfg = Release|Any CPU
		{B1616AA1-E274-4C48-A1AB-DC55BECC3DE2}.Release|iPhoneSimulator.Build.0 = Release|Any CPU
	EndGlobalSection
EndGlobal
